
Microsoft Visual Studio Solution File, Format Version 12.00
# Visual Studio 15
VisualStudioVersion = 15.0.26730.16
MinimumVisualStudioVersion = 10.0.40219.1
Project("{9A19103F-16F7-4668-BE54-9A1E7A4F7556}") = "LagoVista.Core", "src\LagoVista.Core\LagoVista.Core.csproj", "{ECA8DAC5-9324-4E0C-91BE-D222FEA186D3}"
EndProject
Project("{2150E333-8FDC-42A3-9474-1A3956D46DE8}") = "src", "src", "{CEC21295-346D-4369-9511-FBB4BFFE1863}"
EndProject
Project("{2150E333-8FDC-42A3-9474-1A3956D46DE8}") = "test", "test", "{789A2940-98A7-4A45-B302-0FEE3151886E}"
EndProject
Project("{9A19103F-16F7-4668-BE54-9A1E7A4F7556}") = "LagoVista.Core.Authentication", "src\LagoVista.Core.Authentication\LagoVista.Core.Authentication.csproj", "{BA782BAB-76F4-41AF-9991-6D127082FC10}"
EndProject
Project("{9A19103F-16F7-4668-BE54-9A1E7A4F7556}") = "LagoVista.Core.Networking", "src\LagoVista.Core.Networking\LagoVista.Core.Networking.csproj", "{AF7596F8-2E2F-4FC1-8516-235C92B3A5AA}"
EndProject
Project("{2150E333-8FDC-42A3-9474-1A3956D46DE8}") = "Solution Items", "Solution Items", "{236D95BF-5F2A-4EA8-9E93-86AA7051AA6D}"
	ProjectSection(SolutionItems) = preProject
		CreateLocalPackage.ps1 = CreateLocalPackage.ps1
		nuget.config = nuget.config
		README.md = README.md
		UpdateNuspecVersion.ps1 = UpdateNuspecVersion.ps1
		UploadResources.ps1 = UploadResources.ps1
	EndProjectSection
EndProject
Project("{9A19103F-16F7-4668-BE54-9A1E7A4F7556}") = "LagoVista.Core.Tests", "tests\LagoVista.Core.Tests\LagoVista.Core.Tests.csproj", "{9E37DE62-0886-405D-911D-DBEF53942316}"
EndProject
Project("{9A19103F-16F7-4668-BE54-9A1E7A4F7556}") = "LagoVista.Core.DependencyInjection", "src\LagoVista.Core.DependencyInjection\LagoVista.Core.DependencyInjection.csproj", "{68C0C811-A5A9-40FD-AC95-7E8BB2C72777}"
EndProject
Project("{9A19103F-16F7-4668-BE54-9A1E7A4F7556}") = "LagoVista.Core.Rpc", "src\LagoVista.Core.Rpc\LagoVista.Core.Rpc.csproj", "{5913D9CD-C7FD-4200-AF6F-DEDADF380505}"
EndProject
Project("{9A19103F-16F7-4668-BE54-9A1E7A4F7556}") = "LagoVista.Core.Rpc.Client", "src\LagoVista.Core.Rpc.Client\LagoVista.Core.Rpc.Client.csproj", "{66CDB6D0-D343-440E-A163-AB4F242FA071}"
EndProject
Project("{9A19103F-16F7-4668-BE54-9A1E7A4F7556}") = "LagoVista.Core.Rpc.Client.ServiceBus", "src\LagoVista.Core.Rpc.Client.ServiceBus\LagoVista.Core.Rpc.Client.ServiceBus.csproj", "{483A8699-A21A-4FE2-8207-CA0594213234}"
EndProject
Project("{9A19103F-16F7-4668-BE54-9A1E7A4F7556}") = "LagoVista.Core.Rpc.Server", "src\LagoVista.Core.Rpc.Server\LagoVista.Core.Rpc.Server.csproj", "{A3090165-FCC4-4D20-BE05-D75939021FE4}"
EndProject
Project("{9A19103F-16F7-4668-BE54-9A1E7A4F7556}") = "LagoVista.Core.Rpc.Server.ServiceBus", "src\LagoVista.Core.Rpc.Server.ServiceBus\LagoVista.Core.Rpc.Server.ServiceBus.csproj", "{53A9E4B6-082D-4BF3-B5E6-9A2D917D731E}"
EndProject
Project("{9A19103F-16F7-4668-BE54-9A1E7A4F7556}") = "LagoVista.Core.Rpc.Tests", "tests\LagoVista.Core.Rpc.Tests\LagoVista.Core.Rpc.Tests.csproj", "{09D98AE8-8E2A-45C1-AACB-A733D56275BE}"
EndProject
Global
	GlobalSection(SolutionConfigurationPlatforms) = preSolution
		Debug|Any CPU = Debug|Any CPU
		Release|Any CPU = Release|Any CPU
	EndGlobalSection
	GlobalSection(ProjectConfigurationPlatforms) = postSolution
		{ECA8DAC5-9324-4E0C-91BE-D222FEA186D3}.Debug|Any CPU.ActiveCfg = Debug|Any CPU
		{ECA8DAC5-9324-4E0C-91BE-D222FEA186D3}.Debug|Any CPU.Build.0 = Debug|Any CPU
		{ECA8DAC5-9324-4E0C-91BE-D222FEA186D3}.Release|Any CPU.ActiveCfg = Release|Any CPU
		{ECA8DAC5-9324-4E0C-91BE-D222FEA186D3}.Release|Any CPU.Build.0 = Release|Any CPU
		{BA782BAB-76F4-41AF-9991-6D127082FC10}.Debug|Any CPU.ActiveCfg = Debug|Any CPU
		{BA782BAB-76F4-41AF-9991-6D127082FC10}.Debug|Any CPU.Build.0 = Debug|Any CPU
		{BA782BAB-76F4-41AF-9991-6D127082FC10}.Release|Any CPU.ActiveCfg = Release|Any CPU
		{BA782BAB-76F4-41AF-9991-6D127082FC10}.Release|Any CPU.Build.0 = Release|Any CPU
		{AF7596F8-2E2F-4FC1-8516-235C92B3A5AA}.Debug|Any CPU.ActiveCfg = Debug|Any CPU
		{AF7596F8-2E2F-4FC1-8516-235C92B3A5AA}.Debug|Any CPU.Build.0 = Debug|Any CPU
		{AF7596F8-2E2F-4FC1-8516-235C92B3A5AA}.Release|Any CPU.ActiveCfg = Release|Any CPU
		{AF7596F8-2E2F-4FC1-8516-235C92B3A5AA}.Release|Any CPU.Build.0 = Release|Any CPU
		{9E37DE62-0886-405D-911D-DBEF53942316}.Debug|Any CPU.ActiveCfg = Debug|Any CPU
		{9E37DE62-0886-405D-911D-DBEF53942316}.Debug|Any CPU.Build.0 = Debug|Any CPU
		{9E37DE62-0886-405D-911D-DBEF53942316}.Release|Any CPU.ActiveCfg = Release|Any CPU
		{9E37DE62-0886-405D-911D-DBEF53942316}.Release|Any CPU.Build.0 = Release|Any CPU
		{68C0C811-A5A9-40FD-AC95-7E8BB2C72777}.Debug|Any CPU.ActiveCfg = Debug|Any CPU
		{68C0C811-A5A9-40FD-AC95-7E8BB2C72777}.Debug|Any CPU.Build.0 = Debug|Any CPU
		{68C0C811-A5A9-40FD-AC95-7E8BB2C72777}.Release|Any CPU.ActiveCfg = Release|Any CPU
		{68C0C811-A5A9-40FD-AC95-7E8BB2C72777}.Release|Any CPU.Build.0 = Release|Any CPU
		{5913D9CD-C7FD-4200-AF6F-DEDADF380505}.Debug|Any CPU.ActiveCfg = Debug|Any CPU
		{5913D9CD-C7FD-4200-AF6F-DEDADF380505}.Debug|Any CPU.Build.0 = Debug|Any CPU
		{5913D9CD-C7FD-4200-AF6F-DEDADF380505}.Release|Any CPU.ActiveCfg = Release|Any CPU
		{5913D9CD-C7FD-4200-AF6F-DEDADF380505}.Release|Any CPU.Build.0 = Release|Any CPU
		{66CDB6D0-D343-440E-A163-AB4F242FA071}.Debug|Any CPU.ActiveCfg = Debug|Any CPU
		{66CDB6D0-D343-440E-A163-AB4F242FA071}.Debug|Any CPU.Build.0 = Debug|Any CPU
		{66CDB6D0-D343-440E-A163-AB4F242FA071}.Release|Any CPU.ActiveCfg = Release|Any CPU
		{66CDB6D0-D343-440E-A163-AB4F242FA071}.Release|Any CPU.Build.0 = Release|Any CPU
		{483A8699-A21A-4FE2-8207-CA0594213234}.Debug|Any CPU.ActiveCfg = Debug|Any CPU
		{483A8699-A21A-4FE2-8207-CA0594213234}.Debug|Any CPU.Build.0 = Debug|Any CPU
		{483A8699-A21A-4FE2-8207-CA0594213234}.Release|Any CPU.ActiveCfg = Release|Any CPU
		{483A8699-A21A-4FE2-8207-CA0594213234}.Release|Any CPU.Build.0 = Release|Any CPU
		{A3090165-FCC4-4D20-BE05-D75939021FE4}.Debug|Any CPU.ActiveCfg = Debug|Any CPU
		{A3090165-FCC4-4D20-BE05-D75939021FE4}.Debug|Any CPU.Build.0 = Debug|Any CPU
		{A3090165-FCC4-4D20-BE05-D75939021FE4}.Release|Any CPU.ActiveCfg = Release|Any CPU
		{A3090165-FCC4-4D20-BE05-D75939021FE4}.Release|Any CPU.Build.0 = Release|Any CPU
		{53A9E4B6-082D-4BF3-B5E6-9A2D917D731E}.Debug|Any CPU.ActiveCfg = Debug|Any CPU
		{53A9E4B6-082D-4BF3-B5E6-9A2D917D731E}.Debug|Any CPU.Build.0 = Debug|Any CPU
		{53A9E4B6-082D-4BF3-B5E6-9A2D917D731E}.Release|Any CPU.ActiveCfg = Release|Any CPU
		{53A9E4B6-082D-4BF3-B5E6-9A2D917D731E}.Release|Any CPU.Build.0 = Release|Any CPU
		{09D98AE8-8E2A-45C1-AACB-A733D56275BE}.Debug|Any CPU.ActiveCfg = Debug|Any CPU
		{09D98AE8-8E2A-45C1-AACB-A733D56275BE}.Debug|Any CPU.Build.0 = Debug|Any CPU
		{09D98AE8-8E2A-45C1-AACB-A733D56275BE}.Release|Any CPU.ActiveCfg = Release|Any CPU
		{09D98AE8-8E2A-45C1-AACB-A733D56275BE}.Release|Any CPU.Build.0 = Release|Any CPU
	EndGlobalSection
	GlobalSection(SolutionProperties) = preSolution
		HideSolutionNode = FALSE
	EndGlobalSection
	GlobalSection(NestedProjects) = preSolution
		{ECA8DAC5-9324-4E0C-91BE-D222FEA186D3} = {CEC21295-346D-4369-9511-FBB4BFFE1863}
		{BA782BAB-76F4-41AF-9991-6D127082FC10} = {CEC21295-346D-4369-9511-FBB4BFFE1863}
		{AF7596F8-2E2F-4FC1-8516-235C92B3A5AA} = {CEC21295-346D-4369-9511-FBB4BFFE1863}
		{9E37DE62-0886-405D-911D-DBEF53942316} = {789A2940-98A7-4A45-B302-0FEE3151886E}
		{68C0C811-A5A9-40FD-AC95-7E8BB2C72777} = {CEC21295-346D-4369-9511-FBB4BFFE1863}
		{5913D9CD-C7FD-4200-AF6F-DEDADF380505} = {CEC21295-346D-4369-9511-FBB4BFFE1863}
		{66CDB6D0-D343-440E-A163-AB4F242FA071} = {CEC21295-346D-4369-9511-FBB4BFFE1863}
		{483A8699-A21A-4FE2-8207-CA0594213234} = {CEC21295-346D-4369-9511-FBB4BFFE1863}
		{A3090165-FCC4-4D20-BE05-D75939021FE4} = {CEC21295-346D-4369-9511-FBB4BFFE1863}
		{53A9E4B6-082D-4BF3-B5E6-9A2D917D731E} = {CEC21295-346D-4369-9511-FBB4BFFE1863}
		{09D98AE8-8E2A-45C1-AACB-A733D56275BE} = {789A2940-98A7-4A45-B302-0FEE3151886E}
	EndGlobalSection
	GlobalSection(ExtensibilityGlobals) = postSolution
		SolutionGuid = {E49F45F8-0C41-4A0A-A34E-D7A13852646B}
	EndGlobalSection
EndGlobal
