
Microsoft Visual Studio Solution File, Format Version 12.00
# Visual Studio Version 18
VisualStudioVersion = 18.2.11430.68
MinimumVisualStudioVersion = 10.0.40219.1
Project("{9A19103F-16F7-4668-BE54-9A1E7A4F7556}") = "LagoVista.Core", "src\LagoVista.Core\LagoVista.Core.csproj", "{ECA8DAC5-9324-4E0C-91BE-D222FEA186D3}"
EndProject
Project("{2150E333-8FDC-42A3-9474-1A3956D46DE8}") = "src", "src", "{CEC21295-346D-4369-9511-FBB4BFFE1863}"
EndProject
Project("{2150E333-8FDC-42A3-9474-1A3956D46DE8}") = "test", "test", "{789A2940-98A7-4A45-B302-0FEE3151886E}"
EndProject
Project("{9A19103F-16F7-4668-BE54-9A1E7A4F7556}") = "LagoVista.Core.Authentication", "src\LagoVista.Core.Authentication\LagoVista.Core.Authentication.csproj", "{BA782BAB-76F4-41AF-9991-6D127082FC10}"
EndProject
Project("{9A19103F-16F7-4668-BE54-9A1E7A4F7556}") = "LagoVista.Core.Networking", "src\LagoVista.Core.Networking\LagoVista.Core.Networking.csproj", "{AF7596F8-2E2F-4FC1-8516-235C92B3A5AA}"
EndProject
Project("{2150E333-8FDC-42A3-9474-1A3956D46DE8}") = "Solution Items", "Solution Items", "{236D95BF-5F2A-4EA8-9E93-86AA7051AA6D}"
	ProjectSection(SolutionItems) = preProject
		CreateLocalPackage.ps1 = CreateLocalPackage.ps1
		LagoVista.Dependencies.nuspec = LagoVista.Dependencies.nuspec
		nuget.config = nuget.config
		README.md = README.md
		UpdateNuspecVersion.ps1 = UpdateNuspecVersion.ps1
		UploadResources.ps1 = UploadResources.ps1
	EndProjectSection
EndProject
Project("{9A19103F-16F7-4668-BE54-9A1E7A4F7556}") = "LagoVista.Core.Tests", "tests\LagoVista.Core.Tests\LagoVista.Core.Tests.csproj", "{9E37DE62-0886-405D-911D-DBEF53942316}"
EndProject
Project("{9A19103F-16F7-4668-BE54-9A1E7A4F7556}") = "LagoVista.Core.Diagnostics.ConsoleProxy", "src\LagoVista.Core.Diagnostics.ConsoleProxy\LagoVista.Core.Diagnostics.ConsoleProxy.csproj", "{306D887F-7D68-4DCF-9241-FCBF04447A61}"
EndProject
Project("{9A19103F-16F7-4668-BE54-9A1E7A4F7556}") = "LagoVista.Core.Retry", "src\LagoVista.Core.RetryProxy\LagoVista.Core.Retry.csproj", "{0B92ADF5-4A0A-4DA7-BF6F-524703B6BFC3}"
EndProject
Project("{9A19103F-16F7-4668-BE54-9A1E7A4F7556}") = "LagoVista.PDFServices", "src\LagoVista.PDFServices\LagoVista.PDFServices.csproj", "{4BD0AEEC-76F1-4A93-A5E3-DCBF7191724B}"
EndProject
Project("{FAE04EC0-301F-11D3-BF4B-00C04F79EFBC}") = "LagoVista.Core.TestBase", "tests\LagoVista.Core.TestBase\LagoVista.Core.TestBase.csproj", "{A7E4A189-83F8-438E-A770-74B10F25DA0A}"
EndProject
Project("{FAE04EC0-301F-11D3-BF4B-00C04F79EFBC}") = "LagoVista.Crypto", "src\LagoVista.Crypto\LagoVista.Crypto.csproj", "{0AEEF6ED-0C9E-C1DB-F1CC-86657B712ADB}"
EndProject
Project("{FAE04EC0-301F-11D3-BF4B-00C04F79EFBC}") = "LagoVista.MessageQueue.Rabbit", "src\LagoVista.MessageQueue.Rabbit\LagoVista.MessageQueue.Rabbit.csproj", "{212F8AFF-E78E-6BCB-2775-128738AC999D}"
EndProject
Project("{FAE04EC0-301F-11D3-BF4B-00C04F79EFBC}") = "LagoVista.MessageQueueTests", "tests\LagoVista.MessageQueueTests\LagoVista.MessageQueueTests.csproj", "{7DD6E93D-4369-F9B6-84C8-575DEC26CD0A}"
EndProject
Project("{FAE04EC0-301F-11D3-BF4B-00C04F79EFBC}") = "LagoVista.Core.Configuration", "src\LagoVista.Core.Configuration\LagoVista.Core.Configuration.csproj", "{4B1A3D50-6EE7-45CD-A9C8-278AED64659A}"
EndProject
Project("{2150E333-8FDC-42A3-9474-1A3956D46DE8}") = "RPC", "RPC", "{B9C8BF01-7FF0-4735-B94F-3863B02C02FD}"
EndProject
Project("{FAE04EC0-301F-11D3-BF4B-00C04F79EFBC}") = "LagoVista.Core.Rcg.Client", "src\LagoVista.Core.Rcg.Client\LagoVista.Core.Rcg.Client.csproj", "{5FCD84E8-7AD9-4F2F-9103-93686DDB5AAF}"
EndProject
Project("{FAE04EC0-301F-11D3-BF4B-00C04F79EFBC}") = "LagoVista.Core.Rpc.Client", "src\LagoVista.Core.Rpc.Client\LagoVista.Core.Rpc.Client.csproj", "{CEC45FB4-64C6-3905-8887-9B4CE58BF6B6}"
EndProject
Project("{FAE04EC0-301F-11D3-BF4B-00C04F79EFBC}") = "LagoVista.Core.Rpc", "src\LagoVista.Core.Rpc\LagoVista.Core.Rpc.csproj", "{5670BFD2-E16B-D59F-088C-CFF302995912}"
EndProject
Project("{FAE04EC0-301F-11D3-BF4B-00C04F79EFBC}") = "LagoVista.Core.Rpc.Server", "src\LagoVista.Core.Rpc.Server\LagoVista.Core.Rpc.Server.csproj", "{9DAE058F-F14D-2F97-F0BF-59027AE880B0}"
EndProject
Global
	GlobalSection(SolutionConfigurationPlatforms) = preSolution
		Debug|Any CPU = Debug|Any CPU
		Release|Any CPU = Release|Any CPU
	EndGlobalSection
	GlobalSection(ProjectConfigurationPlatforms) = postSolution
		{ECA8DAC5-9324-4E0C-91BE-D222FEA186D3}.Debug|Any CPU.ActiveCfg = Debug|Any CPU
		{ECA8DAC5-9324-4E0C-91BE-D222FEA186D3}.Debug|Any CPU.Build.0 = Debug|Any CPU
		{ECA8DAC5-9324-4E0C-91BE-D222FEA186D3}.Release|Any CPU.ActiveCfg = Release|Any CPU
		{ECA8DAC5-9324-4E0C-91BE-D222FEA186D3}.Release|Any CPU.Build.0 = Release|Any CPU
		{BA782BAB-76F4-41AF-9991-6D127082FC10}.Debug|Any CPU.ActiveCfg = Debug|Any CPU
		{BA782BAB-76F4-41AF-9991-6D127082FC10}.Debug|Any CPU.Build.0 = Debug|Any CPU
		{BA782BAB-76F4-41AF-9991-6D127082FC10}.Release|Any CPU.ActiveCfg = Release|Any CPU
		{BA782BAB-76F4-41AF-9991-6D127082FC10}.Release|Any CPU.Build.0 = Release|Any CPU
		{AF7596F8-2E2F-4FC1-8516-235C92B3A5AA}.Debug|Any CPU.ActiveCfg = Debug|Any CPU
		{AF7596F8-2E2F-4FC1-8516-235C92B3A5AA}.Debug|Any CPU.Build.0 = Debug|Any CPU
		{AF7596F8-2E2F-4FC1-8516-235C92B3A5AA}.Release|Any CPU.ActiveCfg = Release|Any CPU
		{AF7596F8-2E2F-4FC1-8516-235C92B3A5AA}.Release|Any CPU.Build.0 = Release|Any CPU
		{9E37DE62-0886-405D-911D-DBEF53942316}.Debug|Any CPU.ActiveCfg = Debug|Any CPU
		{9E37DE62-0886-405D-911D-DBEF53942316}.Debug|Any CPU.Build.0 = Debug|Any CPU
		{9E37DE62-0886-405D-911D-DBEF53942316}.Release|Any CPU.ActiveCfg = Release|Any CPU
		{9E37DE62-0886-405D-911D-DBEF53942316}.Release|Any CPU.Build.0 = Release|Any CPU
		{306D887F-7D68-4DCF-9241-FCBF04447A61}.Debug|Any CPU.ActiveCfg = Debug|Any CPU
		{306D887F-7D68-4DCF-9241-FCBF04447A61}.Debug|Any CPU.Build.0 = Debug|Any CPU
		{306D887F-7D68-4DCF-9241-FCBF04447A61}.Release|Any CPU.ActiveCfg = Release|Any CPU
		{306D887F-7D68-4DCF-9241-FCBF04447A61}.Release|Any CPU.Build.0 = Release|Any CPU
		{0B92ADF5-4A0A-4DA7-BF6F-524703B6BFC3}.Debug|Any CPU.ActiveCfg = Debug|Any CPU
		{0B92ADF5-4A0A-4DA7-BF6F-524703B6BFC3}.Debug|Any CPU.Build.0 = Debug|Any CPU
		{0B92ADF5-4A0A-4DA7-BF6F-524703B6BFC3}.Release|Any CPU.ActiveCfg = Release|Any CPU
		{0B92ADF5-4A0A-4DA7-BF6F-524703B6BFC3}.Release|Any CPU.Build.0 = Release|Any CPU
		{4BD0AEEC-76F1-4A93-A5E3-DCBF7191724B}.Debug|Any CPU.ActiveCfg = Debug|Any CPU
		{4BD0AEEC-76F1-4A93-A5E3-DCBF7191724B}.Debug|Any CPU.Build.0 = Debug|Any CPU
		{4BD0AEEC-76F1-4A93-A5E3-DCBF7191724B}.Release|Any CPU.ActiveCfg = Release|Any CPU
		{4BD0AEEC-76F1-4A93-A5E3-DCBF7191724B}.Release|Any CPU.Build.0 = Release|Any CPU
		{A7E4A189-83F8-438E-A770-74B10F25DA0A}.Debug|Any CPU.ActiveCfg = Debug|Any CPU
		{A7E4A189-83F8-438E-A770-74B10F25DA0A}.Debug|Any CPU.Build.0 = Debug|Any CPU
		{A7E4A189-83F8-438E-A770-74B10F25DA0A}.Release|Any CPU.ActiveCfg = Release|Any CPU
		{A7E4A189-83F8-438E-A770-74B10F25DA0A}.Release|Any CPU.Build.0 = Release|Any CPU
		{0AEEF6ED-0C9E-C1DB-F1CC-86657B712ADB}.Debug|Any CPU.ActiveCfg = Debug|Any CPU
		{0AEEF6ED-0C9E-C1DB-F1CC-86657B712ADB}.Debug|Any CPU.Build.0 = Debug|Any CPU
		{0AEEF6ED-0C9E-C1DB-F1CC-86657B712ADB}.Release|Any CPU.ActiveCfg = Release|Any CPU
		{0AEEF6ED-0C9E-C1DB-F1CC-86657B712ADB}.Release|Any CPU.Build.0 = Release|Any CPU
		{212F8AFF-E78E-6BCB-2775-128738AC999D}.Debug|Any CPU.ActiveCfg = Debug|Any CPU
		{212F8AFF-E78E-6BCB-2775-128738AC999D}.Debug|Any CPU.Build.0 = Debug|Any CPU
		{212F8AFF-E78E-6BCB-2775-128738AC999D}.Release|Any CPU.ActiveCfg = Release|Any CPU
		{212F8AFF-E78E-6BCB-2775-128738AC999D}.Release|Any CPU.Build.0 = Release|Any CPU
		{7DD6E93D-4369-F9B6-84C8-575DEC26CD0A}.Debug|Any CPU.ActiveCfg = Debug|Any CPU
		{7DD6E93D-4369-F9B6-84C8-575DEC26CD0A}.Debug|Any CPU.Build.0 = Debug|Any CPU
		{7DD6E93D-4369-F9B6-84C8-575DEC26CD0A}.Release|Any CPU.ActiveCfg = Release|Any CPU
		{7DD6E93D-4369-F9B6-84C8-575DEC26CD0A}.Release|Any CPU.Build.0 = Release|Any CPU
		{4B1A3D50-6EE7-45CD-A9C8-278AED64659A}.Debug|Any CPU.ActiveCfg = Debug|Any CPU
		{4B1A3D50-6EE7-45CD-A9C8-278AED64659A}.Debug|Any CPU.Build.0 = Debug|Any CPU
		{4B1A3D50-6EE7-45CD-A9C8-278AED64659A}.Release|Any CPU.ActiveCfg = Release|Any CPU
		{4B1A3D50-6EE7-45CD-A9C8-278AED64659A}.Release|Any CPU.Build.0 = Release|Any CPU
		{5FCD84E8-7AD9-4F2F-9103-93686DDB5AAF}.Debug|Any CPU.ActiveCfg = Debug|Any CPU
		{5FCD84E8-7AD9-4F2F-9103-93686DDB5AAF}.Debug|Any CPU.Build.0 = Debug|Any CPU
		{5FCD84E8-7AD9-4F2F-9103-93686DDB5AAF}.Release|Any CPU.ActiveCfg = Release|Any CPU
		{5FCD84E8-7AD9-4F2F-9103-93686DDB5AAF}.Release|Any CPU.Build.0 = Release|Any CPU
		{CEC45FB4-64C6-3905-8887-9B4CE58BF6B6}.Debug|Any CPU.ActiveCfg = Debug|Any CPU
		{CEC45FB4-64C6-3905-8887-9B4CE58BF6B6}.Debug|Any CPU.Build.0 = Debug|Any CPU
		{CEC45FB4-64C6-3905-8887-9B4CE58BF6B6}.Release|Any CPU.ActiveCfg = Release|Any CPU
		{CEC45FB4-64C6-3905-8887-9B4CE58BF6B6}.Release|Any CPU.Build.0 = Release|Any CPU
		{5670BFD2-E16B-D59F-088C-CFF302995912}.Debug|Any CPU.ActiveCfg = Debug|Any CPU
		{5670BFD2-E16B-D59F-088C-CFF302995912}.Debug|Any CPU.Build.0 = Debug|Any CPU
		{5670BFD2-E16B-D59F-088C-CFF302995912}.Release|Any CPU.ActiveCfg = Release|Any CPU
		{5670BFD2-E16B-D59F-088C-CFF302995912}.Release|Any CPU.Build.0 = Release|Any CPU
		{9DAE058F-F14D-2F97-F0BF-59027AE880B0}.Debug|Any CPU.ActiveCfg = Debug|Any CPU
		{9DAE058F-F14D-2F97-F0BF-59027AE880B0}.Debug|Any CPU.Build.0 = Debug|Any CPU
		{9DAE058F-F14D-2F97-F0BF-59027AE880B0}.Release|Any CPU.ActiveCfg = Release|Any CPU
		{9DAE058F-F14D-2F97-F0BF-59027AE880B0}.Release|Any CPU.Build.0 = Release|Any CPU
	EndGlobalSection
	GlobalSection(SolutionProperties) = preSolution
		HideSolutionNode = FALSE
	EndGlobalSection
	GlobalSection(NestedProjects) = preSolution
		{ECA8DAC5-9324-4E0C-91BE-D222FEA186D3} = {CEC21295-346D-4369-9511-FBB4BFFE1863}
		{BA782BAB-76F4-41AF-9991-6D127082FC10} = {CEC21295-346D-4369-9511-FBB4BFFE1863}
		{AF7596F8-2E2F-4FC1-8516-235C92B3A5AA} = {CEC21295-346D-4369-9511-FBB4BFFE1863}
		{9E37DE62-0886-405D-911D-DBEF53942316} = {789A2940-98A7-4A45-B302-0FEE3151886E}
		{306D887F-7D68-4DCF-9241-FCBF04447A61} = {B9C8BF01-7FF0-4735-B94F-3863B02C02FD}
		{0B92ADF5-4A0A-4DA7-BF6F-524703B6BFC3} = {CEC21295-346D-4369-9511-FBB4BFFE1863}
		{4BD0AEEC-76F1-4A93-A5E3-DCBF7191724B} = {CEC21295-346D-4369-9511-FBB4BFFE1863}
		{A7E4A189-83F8-438E-A770-74B10F25DA0A} = {789A2940-98A7-4A45-B302-0FEE3151886E}
		{0AEEF6ED-0C9E-C1DB-F1CC-86657B712ADB} = {CEC21295-346D-4369-9511-FBB4BFFE1863}
		{212F8AFF-E78E-6BCB-2775-128738AC999D} = {CEC21295-346D-4369-9511-FBB4BFFE1863}
		{7DD6E93D-4369-F9B6-84C8-575DEC26CD0A} = {789A2940-98A7-4A45-B302-0FEE3151886E}
		{4B1A3D50-6EE7-45CD-A9C8-278AED64659A} = {CEC21295-346D-4369-9511-FBB4BFFE1863}
		{B9C8BF01-7FF0-4735-B94F-3863B02C02FD} = {CEC21295-346D-4369-9511-FBB4BFFE1863}
		{5FCD84E8-7AD9-4F2F-9103-93686DDB5AAF} = {B9C8BF01-7FF0-4735-B94F-3863B02C02FD}
		{CEC45FB4-64C6-3905-8887-9B4CE58BF6B6} = {B9C8BF01-7FF0-4735-B94F-3863B02C02FD}
		{5670BFD2-E16B-D59F-088C-CFF302995912} = {B9C8BF01-7FF0-4735-B94F-3863B02C02FD}
		{9DAE058F-F14D-2F97-F0BF-59027AE880B0} = {B9C8BF01-7FF0-4735-B94F-3863B02C02FD}
	EndGlobalSection
	GlobalSection(ExtensibilityGlobals) = postSolution
		SolutionGuid = {E49F45F8-0C41-4A0A-A34E-D7A13852646B}
	EndGlobalSection
EndGlobal
